{
  "object": {
    "pins": [
      {
        "package": "w3w-swift-core",
        "repositoryURL": "https://github.com/what3words/w3w-swift-core.git",
        "state": {
          "branch": "staging",
          "revision": "64fb5f692400481664c9d03ea49246ad326b3c1a",
          "version": null
        }
      },
      {
        "package": "w3w-swift-themes",
        "repositoryURL": "https://github.com/what3words/w3w-swift-themes.git",
        "state": {
          "branch": "staging",
          "revision": "a7b4c8c54e60f81ed6775f59b2c2e4eb3ca9d372",
          "version": null
        }
      }
    ]
  },
  "version": 1
}
