{
  "object": {
    "pins": [
      {
        "package": "w3w-swift-core",
        "repositoryURL": "https://github.com/what3words/w3w-swift-core.git",
        "state": {
          "branch": null,
          "revision": "66e15157c8a355d55dfa019740667315ee56d9bc",
          "version": "1.0.1"
        }
      },
      {
        "package": "w3w-swift-themes",
        "repositoryURL": "https://github.com/what3words/w3w-swift-themes.git",
        "state": {
          "branch": "staging",
          "revision": "88ec68d3864f2bb52a6729ea7540420f9140d30b",
          "version": null
        }
      }
    ]
  },
  "version": 1
}
