{
  "object": {
    "pins": [
      {
        "package": "w3w-swift-core",
        "repositoryURL": "git@github.com:what3words/w3w-swift-core.git",
        "state": {
          "branch": null,
          "revision": "76e240b3c60d30fe814f8d1c0d4990d65a984af3",
          "version": "1.0.0"
        }
      },
      {
        "package": "w3w-swift-themes",
        "repositoryURL": "git@github.com:what3words/w3w-swift-themes.git",
        "state": {
          "branch": "staging",
          "revision": "b16301abd8da35e0958e8b2a15b6f2c977390b36",
          "version": null
        }
      }
    ]
  },
  "version": 1
}
