{
  "pins" : [
    {
      "identity" : "w3w-swift-core",
      "kind" : "remoteSourceControl",
      "location" : "git@github.com:what3words/w3w-swift-core.git",
      "state" : {
        "branch" : "main",
        "revision" : "4c73f8591e4ae4e0e0849f2bb57c0897b30e3384"
      }
    }
  ],
  "version" : 2
}
